{
  "name": "mynd-os-github",
  "lockfileVersion": 3,
  "requires": true,
  "packages": {
    "": {
      "dependencies": {
        "@notionhq/client": "^3.0.1"
      }
    },
    "node_modules/@notionhq/client": {
      "version": "3.0.1",
      "resolved": "https://registry.npmjs.org/@notionhq/client/-/client-3.0.1.tgz",
      "integrity": "sha512-vHtFKrRKQg2PZSky1A9fTe+L9/WxNYRJWHmD6ZiBNgeN5jnFmv27ootRl9ROzEm/N+mOxfTo37EnuCHsaPgETg==",
      "license": "MIT",
      "engines": {
        "node": ">=18"
      }
    }
  }
}
